
Microsoft Visual Studio Solution File, Format Version 12.00
# Visual Studio Version 16
VisualStudioVersion = 16.0.30711.63
MinimumVisualStudioVersion = 10.0.40219.1
Project("{FAE04EC0-301F-11D3-BF4B-00C04F79EFBC}") = "ChineseSchoolAdminSystem", "ChineseSchoolAdminSystem\ChineseSchoolAdminSystem.csproj", "{447D3298-6A33-4DEA-B25A-E2AA91A34E47}"
EndProject
Project("{FAE04EC0-301F-11D3-BF4B-00C04F79EFBC}") = "ChineseSchoolAdminSystemBusiness", "ChineseSchoolAdminSystemBusiness\ChineseSchoolAdminSystemBusiness.csproj", "{79DA25CA-D62E-4F60-BF0F-549BFA84C643}"
EndProject
Project("{FAE04EC0-301F-11D3-BF4B-00C04F79EFBC}") = "ChineseSchoolAdminSystemTests", "ChineseSchoolAdminSystemTests\ChineseSchoolAdminSystemTests.csproj", "{E504755E-FF97-4DB7-BAA6-1B68DBD33741}"
EndProject
Project("{FAE04EC0-301F-11D3-BF4B-00C04F79EFBC}") = "ChineseSchoolAdminSystemGUI", "ChineseSchoolAdminSystemGUI\ChineseSchoolAdminSystemGUI.csproj", "{D44FE5BE-2DE4-46C7-B5E4-B6FECF640311}"
EndProject
Global
	GlobalSection(SolutionConfigurationPlatforms) = preSolution
		Debug|Any CPU = Debug|Any CPU
		Release|Any CPU = Release|Any CPU
	EndGlobalSection
	GlobalSection(ProjectConfigurationPlatforms) = postSolution
		{447D3298-6A33-4DEA-B25A-E2AA91A34E47}.Debug|Any CPU.ActiveCfg = Debug|Any CPU
		{447D3298-6A33-4DEA-B25A-E2AA91A34E47}.Debug|Any CPU.Build.0 = Debug|Any CPU
		{447D3298-6A33-4DEA-B25A-E2AA91A34E47}.Release|Any CPU.ActiveCfg = Release|Any CPU
		{447D3298-6A33-4DEA-B25A-E2AA91A34E47}.Release|Any CPU.Build.0 = Release|Any CPU
		{79DA25CA-D62E-4F60-BF0F-549BFA84C643}.Debug|Any CPU.ActiveCfg = Debug|Any CPU
		{79DA25CA-D62E-4F60-BF0F-549BFA84C643}.Debug|Any CPU.Build.0 = Debug|Any CPU
		{79DA25CA-D62E-4F60-BF0F-549BFA84C643}.Release|Any CPU.ActiveCfg = Release|Any CPU
		{79DA25CA-D62E-4F60-BF0F-549BFA84C643}.Release|Any CPU.Build.0 = Release|Any CPU
		{E504755E-FF97-4DB7-BAA6-1B68DBD33741}.Debug|Any CPU.ActiveCfg = Debug|Any CPU
		{E504755E-FF97-4DB7-BAA6-1B68DBD33741}.Debug|Any CPU.Build.0 = Debug|Any CPU
		{E504755E-FF97-4DB7-BAA6-1B68DBD33741}.Release|Any CPU.ActiveCfg = Release|Any CPU
		{E504755E-FF97-4DB7-BAA6-1B68DBD33741}.Release|Any CPU.Build.0 = Release|Any CPU
		{D44FE5BE-2DE4-46C7-B5E4-B6FECF640311}.Debug|Any CPU.ActiveCfg = Debug|Any CPU
		{D44FE5BE-2DE4-46C7-B5E4-B6FECF640311}.Debug|Any CPU.Build.0 = Debug|Any CPU
		{D44FE5BE-2DE4-46C7-B5E4-B6FECF640311}.Release|Any CPU.ActiveCfg = Release|Any CPU
		{D44FE5BE-2DE4-46C7-B5E4-B6FECF640311}.Release|Any CPU.Build.0 = Release|Any CPU
	EndGlobalSection
	GlobalSection(SolutionProperties) = preSolution
		HideSolutionNode = FALSE
	EndGlobalSection
	GlobalSection(ExtensibilityGlobals) = postSolution
		SolutionGuid = {414AD4E1-1D9A-4205-BF61-F75B21C40036}
	EndGlobalSection
EndGlobal
